{
  "name": "swank-client",
  "version": "1.0.1",
  "lockfileVersion": 1,
  "requires": true,
  "dependencies": {
    "ace.improved": {
      "version": "0.2.1",
      "resolved": "https://registry.npmjs.org/ace.improved/-/ace.improved-0.2.1.tgz",
      "integrity": "sha1-TXRij8QxsJzcqh+ysj0eyDxdLzI="
    },
    "paredit.js": {
      "version": "0.3.5",
      "resolved": "https://registry.npmjs.org/paredit.js/-/paredit.js-0.3.5.tgz",
      "integrity": "sha512-XbOhUdbsCFKzWWWHySZ0AWoNI5E5+hj8uESYkLio3ZJ80eSd+szD49U9xFLqto6NMwiEhnxm9i2u915Q9y/uNQ==",
      "requires": {
        "ace.improved": ">=0.1.4"
      }
    }
  }
}
