{
  "name": "swank-client",
  "version": "1.1.2",
  "lockfileVersion": 1,
  "requires": true,
  "dependencies": {
    "ace.improved": {
      "version": "0.2.1",
      "resolved": "https://registry.npmjs.org/ace.improved/-/ace.improved-0.2.1.tgz",
      "integrity": "sha1-TXRij8QxsJzcqh+ysj0eyDxdLzI="
    },
    "paredit.js": {
      "version": "0.3.6",
      "resolved": "https://registry.npmjs.org/paredit.js/-/paredit.js-0.3.6.tgz",
      "integrity": "sha512-Z97Go1ucly6XzJDWsX8g6aXKIapx610JElNEgAvOQ8DA3A5uTAzEIaPZyn3r/WskHS+HpaO17oALcy2dUsKlQA==",
      "requires": {
        "ace.improved": ">=0.1.4"
      }
    }
  }
}
